PODS:
  - Alamofire (4.7.2)
  - CocoaLumberjack/Default (3.4.2)
  - CocoaLumberjack/Swift (3.4.2):
    - CocoaLumberjack/Default
  - EncryptedCoreData (3.1):
    - SQLCipher (~> 3.4.0)
  - IQKeyboardManagerSwift (5.0.0)
  - MagicalRecord (3.0.0.dev.1526592500):
    - MagicalRecord/Core (= 3.0.0.dev.1526592500)
  - MagicalRecord/Core (3.0.0.dev.1526592500)
  - SnapKit (4.0.0)
  - SQLCipher (3.4.2):
    - SQLCipher/standard (= 3.4.2)
  - SQLCipher/common (3.4.2)
  - SQLCipher/standard (3.4.2):
    - SQLCipher/common
  - SwiftMessages (4.1.2)
  - XMLDictionary (1.4.1)

DEPENDENCIES:
  - Alamofire
  - CocoaLumberjack/Swift
  - EncryptedCoreData (from `https://github.com/project-imas/encrypted-core-data`)
  - IQKeyboardManagerSwift (= 5.0.0)
  - MagicalRecord (from `https://github.com/magicalpanda/MagicalRecord.git`, branch `release/3.0`)
  - SnapKit
  - SwiftMessages
  - XMLDictionary

SPEC REPOS:
  https://github.com/CocoaPods/Specs.git:
    - Alamofire
    - CocoaLumberjack
    - IQKeyboardManagerSwift
    - SnapKit
    - SQLCipher
    - SwiftMessages
    - XMLDictionary

EXTERNAL SOURCES:
  EncryptedCoreData:
    :git: https://github.com/project-imas/encrypted-core-data
  MagicalRecord:
    :branch: release/3.0
    :git: https://github.com/magicalpanda/MagicalRecord.git

CHECKOUT OPTIONS:
  EncryptedCoreData:
    :commit: b97ffaf2f19dad4d1558bc9b0668cc2e09d17347
    :git: https://github.com/project-imas/encrypted-core-data
  MagicalRecord:
    :commit: 14a5935b9852d285898555ebb405084077a362e5
    :git: https://github.com/magicalpanda/MagicalRecord.git

SPEC CHECKSUMS:
  Alamofire: e4fa87002c137ba2d8d634d2c51fabcda0d5c223
  CocoaLumberjack: db7cc9e464771f12054c22ff6947c5a58d43a0fd
  EncryptedCoreData: f6762fb05f88a52f36c5648659abc91b57f244b4
  IQKeyboardManagerSwift: 3f340202ebe1a7076279b9b9b3c817243ddb3aab
  MagicalRecord: 2653c12b3c92a8c0055dde1346cdf19ffaa68fe2
  SnapKit: a42d492c16e80209130a3379f73596c3454b7694
  SQLCipher: f9fcf29b2e59ced7defc2a2bdd0ebe79b40d4990
  SwiftMessages: d81f48c1f8b6bc1dbebdfffe11226f0344f937ca
  XMLDictionary: fa07b6ff422b3a91d47a5de9bc82e3fc04fbd167

PODFILE CHECKSUM: 23e957d61da044a7b259b37dd7e55a393958c04d

COCOAPODS: 1.5.0
