PODS:
  - Alamofire (4.7.3)
  - CocoaLumberjack/Default (3.4.2)
  - CocoaLumberjack/Swift (3.4.2):
    - CocoaLumberjack/Default
  - EncryptedCoreData (3.1):
    - SQLCipher (~> 3.4.0)
  - IQKeyboardManagerSwift (5.0.0)
  - MagicalRecord (3.0.0.dev.1534503746):
    - MagicalRecord/Core (= 3.0.0.dev.1534503746)
  - MagicalRecord/Core (3.0.0.dev.1534503746)
  - SnapKit (4.0.0)
  - SQLCipher (3.4.2):
    - SQLCipher/standard (= 3.4.2)
  - SQLCipher/common (3.4.2)
  - SQLCipher/standard (3.4.2):
    - SQLCipher/common
  - SwiftMessages (4.1.4):
    - SwiftMessages/App (= 4.1.4)
  - SwiftMessages/App (4.1.4)
  - XMLDictionary (1.4.1)

DEPENDENCIES:
  - Alamofire
  - CocoaLumberjack/Swift
  - EncryptedCoreData (from `https://github.com/project-imas/encrypted-core-data`)
  - IQKeyboardManagerSwift (= 5.0.0)
  - MagicalRecord (from `https://github.com/magicalpanda/MagicalRecord.git`, branch `release/3.0`)
  - SnapKit
  - SwiftMessages
  - XMLDictionary

SPEC REPOS:
  https://github.com/cocoapods/specs.git:
    - Alamofire
    - CocoaLumberjack
    - IQKeyboardManagerSwift
    - SnapKit
    - SQLCipher
    - SwiftMessages
    - XMLDictionary

EXTERNAL SOURCES:
  EncryptedCoreData:
    :git: https://github.com/project-imas/encrypted-core-data
  MagicalRecord:
    :branch: release/3.0
    :git: https://github.com/magicalpanda/MagicalRecord.git

CHECKOUT OPTIONS:
  EncryptedCoreData:
    :commit: b97ffaf2f19dad4d1558bc9b0668cc2e09d17347
    :git: https://github.com/project-imas/encrypted-core-data
  MagicalRecord:
    :commit: 14a5935b9852d285898555ebb405084077a362e5
    :git: https://github.com/magicalpanda/MagicalRecord.git

SPEC CHECKSUMS:
  Alamofire: c7287b6e5d7da964a70935e5db17046b7fde6568
  CocoaLumberjack: db7cc9e464771f12054c22ff6947c5a58d43a0fd
  EncryptedCoreData: f6762fb05f88a52f36c5648659abc91b57f244b4
  IQKeyboardManagerSwift: 3f340202ebe1a7076279b9b9b3c817243ddb3aab
  MagicalRecord: b50e64763ae2e507bdc069e76a69cb911d364fb8
  SnapKit: a42d492c16e80209130a3379f73596c3454b7694
  SQLCipher: f9fcf29b2e59ced7defc2a2bdd0ebe79b40d4990
  SwiftMessages: 2c33fdee8b8f38dfc7e1036684456b505891da8c
  XMLDictionary: fa07b6ff422b3a91d47a5de9bc82e3fc04fbd167

PODFILE CHECKSUM: 8fe68e90da6bb68df87bbd4698713e209faeb759

COCOAPODS: 1.5.3
